// !$*UTF8*$!
{
	archiveVersion = 1;
	classes = {
	};
	objectVersion = 50;
	objects = {

/* Begin PBXBuildFile section */
		0C14DF2924BAC70B00E66116 /* Messages.framework in Frameworks */ = {isa = PBXBuildFile; fileRef = 0C703C1224ABA78E005AE478 /* Messages.framework */; };
		0C14DF2C24BAC70B00E66116 /* MessagesViewController.swift in Sources */ = {isa = PBXBuildFile; fileRef = 0C14DF2B24BAC70B00E66116 /* MessagesViewController.swift */; };
		0C14DF3124BAC70C00E66116 /* Assets.xcassets in Resources */ = {isa = PBXBuildFile; fileRef = 0C14DF3024BAC70C00E66116 /* Assets.xcassets */; };
		0C14DF3524BAC70C00E66116 /* iMessageExtension.appex in Embed App Extensions */ = {isa = PBXBuildFile; fileRef = 0C14DF2824BAC70B00E66116 /* iMessageExtension.appex */; settings = {ATTRIBUTES = (RemoveHeadersOnCopy, ); }; };
		0C14DF3F24BACB4700E66116 /* CompactView.swift in Sources */ = {isa = PBXBuildFile; fileRef = 0C14DF3C24BACB4700E66116 /* CompactView.swift */; };
		0C14DF4224BAD6BF00E66116 /* Assets.xcassets in Resources */ = {isa = PBXBuildFile; fileRef = 0C703BED24ABA750005AE478 /* Assets.xcassets */; };
		0C14DF4424BB618300E66116 /* Assets.xcassets in Resources */ = {isa = PBXBuildFile; fileRef = 0C14DF4324BB618300E66116 /* Assets.xcassets */; };
		0C14DF4624BB61CB00E66116 /* PhotoPickerView.swift in Sources */ = {isa = PBXBuildFile; fileRef = 0C703C2724ABAFFD005AE478 /* PhotoPickerView.swift */; };
		0C14DF4724BB61CB00E66116 /* CameraView.swift in Sources */ = {isa = PBXBuildFile; fileRef = 0C703C4B24AC6CB6005AE478 /* CameraView.swift */; };
		0C14DF4824BB61CB00E66116 /* ZoomableText.swift in Sources */ = {isa = PBXBuildFile; fileRef = 0C703C3E24AC661F005AE478 /* ZoomableText.swift */; };
		0C14DF4A24BB61CE00E66116 /* String+Image.swift in Sources */ = {isa = PBXBuildFile; fileRef = 0C1640F324AE64F400279F8F /* String+Image.swift */; };
		0C14DF4B24BB61CE00E66116 /* UIImage+Fix.swift in Sources */ = {isa = PBXBuildFile; fileRef = 0C32B73C24B272500089F218 /* UIImage+Fix.swift */; };
		0C14DF4C24BB61CE00E66116 /* vImage+Gamma.swift in Sources */ = {isa = PBXBuildFile; fileRef = 0C32B74424B278A80089F218 /* vImage+Gamma.swift */; };
		0C14DF4D24BB61CE00E66116 /* CGImage+vImage.swift in Sources */ = {isa = PBXBuildFile; fileRef = 0C32B74624B2E5FA0089F218 /* CGImage+vImage.swift */; };
		0C14DF4F24BB61D200E66116 /* AsciiArtist.swift in Sources */ = {isa = PBXBuildFile; fileRef = 0C32B74224B273040089F218 /* AsciiArtist.swift */; };
		0C14DF5024BB61D200E66116 /* AsciiPalette.swift in Sources */ = {isa = PBXBuildFile; fileRef = 0C32B73E24B272B00089F218 /* AsciiPalette.swift */; };
		0C14DF5124BB81D900E66116 /* CloudKit.framework in Frameworks */ = {isa = PBXBuildFile; fileRef = 0C14DF3A24BAC71E00E66116 /* CloudKit.framework */; };
		0C14DF5424BB840000E66116 /* SendView.swift in Sources */ = {isa = PBXBuildFile; fileRef = 0C14DF5324BB840000E66116 /* SendView.swift */; };
		0C14DF5824BBD38400E66116 /* ReceivedView.swift in Sources */ = {isa = PBXBuildFile; fileRef = 0C14DF5724BBD38400E66116 /* ReceivedView.swift */; };
		0C1640F424AE64F400279F8F /* String+Image.swift in Sources */ = {isa = PBXBuildFile; fileRef = 0C1640F324AE64F400279F8F /* String+Image.swift */; };
		0C1D374724BCF6D400D8635F /* ButtonStyles.swift in Sources */ = {isa = PBXBuildFile; fileRef = 0C1D374624BCF6D400D8635F /* ButtonStyles.swift */; };
		0C1D374924BCF74200D8635F /* Color+Custom.swift in Sources */ = {isa = PBXBuildFile; fileRef = 0C1D374824BCF74200D8635F /* Color+Custom.swift */; };
		0C1D374A24BCF74F00D8635F /* Color+Custom.swift in Sources */ = {isa = PBXBuildFile; fileRef = 0C1D374824BCF74200D8635F /* Color+Custom.swift */; };
		0C1D374C24BD6AD500D8635F /* ButtonStyles.swift in Sources */ = {isa = PBXBuildFile; fileRef = 0C1D374624BCF6D400D8635F /* ButtonStyles.swift */; };
		0C1D374F24BF9ABA00D8635F /* MSMessage+Ascii.swift in Sources */ = {isa = PBXBuildFile; fileRef = 0C1D374E24BF9ABA00D8635F /* MSMessage+Ascii.swift */; };
		0C1D375024BFA52B00D8635F /* MSMessage+Ascii.swift in Sources */ = {isa = PBXBuildFile; fileRef = 0C1D374E24BF9ABA00D8635F /* MSMessage+Ascii.swift */; };
		0C1D375224BFCEF300D8635F /* CloudKit.framework in Frameworks */ = {isa = PBXBuildFile; fileRef = 0C14DF3A24BAC71E00E66116 /* CloudKit.framework */; };
		0C1D375424C00DA200D8635F /* MessageComposeView.swift in Sources */ = {isa = PBXBuildFile; fileRef = 0C1D375324C00DA200D8635F /* MessageComposeView.swift */; };
		0C2E44BB24D63BA4001C6D28 /* vImage+Grayscale.swift in Sources */ = {isa = PBXBuildFile; fileRef = 0C2E44BA24D63BA4001C6D28 /* vImage+Grayscale.swift */; };
		0C2E44BC24D63BA4001C6D28 /* vImage+Grayscale.swift in Sources */ = {isa = PBXBuildFile; fileRef = 0C2E44BA24D63BA4001C6D28 /* vImage+Grayscale.swift */; };
		0C32B73D24B272500089F218 /* UIImage+Fix.swift in Sources */ = {isa = PBXBuildFile; fileRef = 0C32B73C24B272500089F218 /* UIImage+Fix.swift */; };
		0C32B73F24B272B00089F218 /* AsciiPalette.swift in Sources */ = {isa = PBXBuildFile; fileRef = 0C32B73E24B272B00089F218 /* AsciiPalette.swift */; };
		0C32B74324B273040089F218 /* AsciiArtist.swift in Sources */ = {isa = PBXBuildFile; fileRef = 0C32B74224B273040089F218 /* AsciiArtist.swift */; };
		0C32B74524B278A80089F218 /* vImage+Gamma.swift in Sources */ = {isa = PBXBuildFile; fileRef = 0C32B74424B278A80089F218 /* vImage+Gamma.swift */; };
		0C32B74724B2E5FA0089F218 /* CGImage+vImage.swift in Sources */ = {isa = PBXBuildFile; fileRef = 0C32B74624B2E5FA0089F218 /* CGImage+vImage.swift */; };
		0C333960259FB09D00D02171 /* SysImage.swift in Sources */ = {isa = PBXBuildFile; fileRef = 0C33395F259FB09D00D02171 /* SysImage.swift */; };
		0C333967259FB0A000D02171 /* SysImage.swift in Sources */ = {isa = PBXBuildFile; fileRef = 0C33395F259FB09D00D02171 /* SysImage.swift */; };
		0C33396B259FB0A000D02171 /* SysImage.swift in Sources */ = {isa = PBXBuildFile; fileRef = 0C33395F259FB09D00D02171 /* SysImage.swift */; };
		0C333970259FB0CA00D02171 /* SysFont.swift in Sources */ = {isa = PBXBuildFile; fileRef = 0C33396F259FB0CA00D02171 /* SysFont.swift */; };
		0C333971259FB0CA00D02171 /* SysFont.swift in Sources */ = {isa = PBXBuildFile; fileRef = 0C33396F259FB0CA00D02171 /* SysFont.swift */; };
		0C333972259FB0CA00D02171 /* SysFont.swift in Sources */ = {isa = PBXBuildFile; fileRef = 0C33396F259FB0CA00D02171 /* SysFont.swift */; };
		0C703BFE24ABA750005AE478 /* App.swift in Sources */ = {isa = PBXBuildFile; fileRef = 0C703BEB24ABA74F005AE478 /* App.swift */; };
		0C703C0024ABA750005AE478 /* HomeView.swift in Sources */ = {isa = PBXBuildFile; fileRef = 0C703BEC24ABA74F005AE478 /* HomeView.swift */; };
		0C703C0224ABA750005AE478 /* Assets.xcassets in Resources */ = {isa = PBXBuildFile; fileRef = 0C703BED24ABA750005AE478 /* Assets.xcassets */; };
		0C703C2524ABAD49005AE478 /* AsciiView.swift in Sources */ = {isa = PBXBuildFile; fileRef = 0C703C2424ABAD49005AE478 /* AsciiView.swift */; };
		0C703C2824ABAFFD005AE478 /* PhotoPickerView.swift in Sources */ = {isa = PBXBuildFile; fileRef = 0C703C2724ABAFFD005AE478 /* PhotoPickerView.swift */; };
		0C703C3F24AC661F005AE478 /* ZoomableText.swift in Sources */ = {isa = PBXBuildFile; fileRef = 0C703C3E24AC661F005AE478 /* ZoomableText.swift */; };
		0C703C4A24AC6763005AE478 /* Preview Assets.xcassets in Resources */ = {isa = PBXBuildFile; fileRef = 0C703C4924AC6763005AE478 /* Preview Assets.xcassets */; };
		0C703C4C24AC6CB6005AE478 /* CameraView.swift in Sources */ = {isa = PBXBuildFile; fileRef = 0C703C4B24AC6CB6005AE478 /* CameraView.swift */; };
		0C703C4F24ACFBB6005AE478 /* InfoView.swift in Sources */ = {isa = PBXBuildFile; fileRef = 0C703C4E24ACFBB6005AE478 /* InfoView.swift */; };
		0C789EE6259ABC0900F306F0 /* AsciiView.swift in Sources */ = {isa = PBXBuildFile; fileRef = 0C789EE5259ABC0900F306F0 /* AsciiView.swift */; };
		0C894B8925A0EEA5005A4334 /* FileSaver.swift in Sources */ = {isa = PBXBuildFile; fileRef = 0C894B8825A0EEA5005A4334 /* FileSaver.swift */; };
		0C894B9125A0EEDE005A4334 /* ZoomControl.swift in Sources */ = {isa = PBXBuildFile; fileRef = 0C894B9025A0EEDE005A4334 /* ZoomControl.swift */; };
		0C99B6BF260EEF3D007E5FEF /* CGSize+Util.swift in Sources */ = {isa = PBXBuildFile; fileRef = 0C99B6BE260EEF3D007E5FEF /* CGSize+Util.swift */; };
		0C99B6C0260EEF3D007E5FEF /* CGSize+Util.swift in Sources */ = {isa = PBXBuildFile; fileRef = 0C99B6BE260EEF3D007E5FEF /* CGSize+Util.swift */; };
		0C99B6C1260EEF3D007E5FEF /* CGSize+Util.swift in Sources */ = {isa = PBXBuildFile; fileRef = 0C99B6BE260EEF3D007E5FEF /* CGSize+Util.swift */; };
		0CA4EC9D259BCA3D005E9FDE /* ZoomableText.swift in Sources */ = {isa = PBXBuildFile; fileRef = 0CA4EC9C259BCA3D005E9FDE /* ZoomableText.swift */; };
		0CA5EF7B259BB650007BF74A /* AsciiPalette.swift in Sources */ = {isa = PBXBuildFile; fileRef = 0C32B73E24B272B00089F218 /* AsciiPalette.swift */; };
		0CA5EF7C259BB650007BF74A /* CGImage+vImage.swift in Sources */ = {isa = PBXBuildFile; fileRef = 0C32B74624B2E5FA0089F218 /* CGImage+vImage.swift */; };
		0CA5EF7D259BB650007BF74A /* vImage+Resize.swift in Sources */ = {isa = PBXBuildFile; fileRef = 0CB7B88B24D3E19000185FCB /* vImage+Resize.swift */; };
		0CA5EF7E259BB650007BF74A /* vImage+Gamma.swift in Sources */ = {isa = PBXBuildFile; fileRef = 0C32B74424B278A80089F218 /* vImage+Gamma.swift */; };
		0CA5EF7F259BB650007BF74A /* vImage+Grayscale.swift in Sources */ = {isa = PBXBuildFile; fileRef = 0C2E44BA24D63BA4001C6D28 /* vImage+Grayscale.swift */; };
		0CA5EF80259BB650007BF74A /* AsciiArtist.swift in Sources */ = {isa = PBXBuildFile; fileRef = 0C32B74224B273040089F218 /* AsciiArtist.swift */; };
		0CA5EF8A259BBFFF007BF74A /* String+Image.swift in Sources */ = {isa = PBXBuildFile; fileRef = 0C1640F324AE64F400279F8F /* String+Image.swift */; };
		0CB7B88C24D3E19000185FCB /* vImage+Resize.swift in Sources */ = {isa = PBXBuildFile; fileRef = 0CB7B88B24D3E19000185FCB /* vImage+Resize.swift */; };
		0CB7B88D24D3E19000185FCB /* vImage+Resize.swift in Sources */ = {isa = PBXBuildFile; fileRef = 0CB7B88B24D3E19000185FCB /* vImage+Resize.swift */; };
		0CC6B7DC2598F7DD008BD257 /* MacApp.swift in Sources */ = {isa = PBXBuildFile; fileRef = 0CC6B7DB2598F7DD008BD257 /* MacApp.swift */; };
		0CC6B7DE2598F7DD008BD257 /* DragView.swift in Sources */ = {isa = PBXBuildFile; fileRef = 0CC6B7DD2598F7DD008BD257 /* DragView.swift */; };
		0CC6B7E02598F7DE008BD257 /* Assets.xcassets in Resources */ = {isa = PBXBuildFile; fileRef = 0CC6B7DF2598F7DE008BD257 /* Assets.xcassets */; };
		0CC6B816259907F8008BD257 /* Preview Assets.xcassets in Resources */ = {isa = PBXBuildFile; fileRef = 0C703C4924AC6763005AE478 /* Preview Assets.xcassets */; };
		0CEA688025A263E600DB8EA7 /* NSOpenPanel+Image.swift in Sources */ = {isa = PBXBuildFile; fileRef = 0CEA687F25A263E600DB8EA7 /* NSOpenPanel+Image.swift */; };
		0CEA688B25A264A200DB8EA7 /* NSImage+PNG.swift in Sources */ = {isa = PBXBuildFile; fileRef = 0CEA688A25A264A200DB8EA7 /* NSImage+PNG.swift */; };
		0CF96EDF24D48A6F006C4DCB /* UIImage+Resize.swift in Sources */ = {isa = PBXBuildFile; fileRef = 0CF96EDE24D48A6F006C4DCB /* UIImage+Resize.swift */; };
		0CF96EE024D48A6F006C4DCB /* UIImage+Resize.swift in Sources */ = {isa = PBXBuildFile; fileRef = 0CF96EDE24D48A6F006C4DCB /* UIImage+Resize.swift */; };
/* End PBXBuildFile section */

/* Begin PBXContainerItemProxy section */
		0C14DF3324BAC70C00E66116 /* PBXContainerItemProxy */ = {
			isa = PBXContainerItemProxy;
			containerPortal = 0C703BE624ABA74F005AE478 /* Project object */;
			proxyType = 1;
			remoteGlobalIDString = 0C14DF2724BAC70B00E66116;
			remoteInfo = iMessageExtension;
		};
/* End PBXContainerItemProxy section */

/* Begin PBXCopyFilesBuildPhase section */
		0C703C2324ABA78E005AE478 /* Embed App Extensions */ = {
			isa = PBXCopyFilesBuildPhase;
			buildActionMask = 2147483647;
			dstPath = "";
			dstSubfolderSpec = 13;
			files = (
				0C14DF3524BAC70C00E66116 /* iMessageExtension.appex in Embed App Extensions */,
			);
			name = "Embed App Extensions";
			runOnlyForDeploymentPostprocessing = 0;
		};
/* End PBXCopyFilesBuildPhase section */

/* Begin PBXFileReference section */
		0C14DF2824BAC70B00E66116 /* iMessageExtension.appex */ = {isa = PBXFileReference; explicitFileType = "wrapper.app-extension"; includeInIndex = 0; path = iMessageExtension.appex; sourceTree = BUILT_PRODUCTS_DIR; };
		0C14DF2B24BAC70B00E66116 /* MessagesViewController.swift */ = {isa = PBXFileReference; lastKnownFileType = sourcecode.swift; path = MessagesViewController.swift; sourceTree = "<group>"; };
		0C14DF3024BAC70C00E66116 /* Assets.xcassets */ = {isa = PBXFileReference; lastKnownFileType = folder.assetcatalog; path = Assets.xcassets; sourceTree = "<group>"; };
		0C14DF3224BAC70C00E66116 /* Info.plist */ = {isa = PBXFileReference; lastKnownFileType = text.plist.xml; path = Info.plist; sourceTree = "<group>"; };
		0C14DF3924BAC71B00E66116 /* iMessageExtension.entitlements */ = {isa = PBXFileReference; lastKnownFileType = text.plist.entitlements; path = iMessageExtension.entitlements; sourceTree = "<group>"; };
		0C14DF3A24BAC71E00E66116 /* CloudKit.framework */ = {isa = PBXFileReference; lastKnownFileType = wrapper.framework; name = CloudKit.framework; path = Platforms/iPhoneOS.platform/Developer/SDKs/iPhoneOS14.0.sdk/System/Library/Frameworks/CloudKit.framework; sourceTree = DEVELOPER_DIR; };
		0C14DF3C24BACB4700E66116 /* CompactView.swift */ = {isa = PBXFileReference; fileEncoding = 4; lastKnownFileType = sourcecode.swift; path = CompactView.swift; sourceTree = "<group>"; };
		0C14DF4324BB618300E66116 /* Assets.xcassets */ = {isa = PBXFileReference; lastKnownFileType = folder.assetcatalog; path = Assets.xcassets; sourceTree = "<group>"; };
		0C14DF5324BB840000E66116 /* SendView.swift */ = {isa = PBXFileReference; lastKnownFileType = sourcecode.swift; path = SendView.swift; sourceTree = "<group>"; };
		0C14DF5724BBD38400E66116 /* ReceivedView.swift */ = {isa = PBXFileReference; lastKnownFileType = sourcecode.swift; path = ReceivedView.swift; sourceTree = "<group>"; };
		0C1640F324AE64F400279F8F /* String+Image.swift */ = {isa = PBXFileReference; lastKnownFileType = sourcecode.swift; path = "String+Image.swift"; sourceTree = "<group>"; };
		0C1D374624BCF6D400D8635F /* ButtonStyles.swift */ = {isa = PBXFileReference; lastKnownFileType = sourcecode.swift; path = ButtonStyles.swift; sourceTree = "<group>"; };
		0C1D374824BCF74200D8635F /* Color+Custom.swift */ = {isa = PBXFileReference; lastKnownFileType = sourcecode.swift; path = "Color+Custom.swift"; sourceTree = "<group>"; };
		0C1D374E24BF9ABA00D8635F /* MSMessage+Ascii.swift */ = {isa = PBXFileReference; lastKnownFileType = sourcecode.swift; path = "MSMessage+Ascii.swift"; sourceTree = "<group>"; };
		0C1D375124BFCEEB00D8635F /* ImageToAsciiArt.entitlements */ = {isa = PBXFileReference; lastKnownFileType = text.plist.entitlements; path = ImageToAsciiArt.entitlements; sourceTree = "<group>"; };
		0C1D375324C00DA200D8635F /* MessageComposeView.swift */ = {isa = PBXFileReference; lastKnownFileType = sourcecode.swift; path = MessageComposeView.swift; sourceTree = "<group>"; };
		0C2E44BA24D63BA4001C6D28 /* vImage+Grayscale.swift */ = {isa = PBXFileReference; lastKnownFileType = sourcecode.swift; path = "vImage+Grayscale.swift"; sourceTree = "<group>"; };
		0C32B73C24B272500089F218 /* UIImage+Fix.swift */ = {isa = PBXFileReference; lastKnownFileType = sourcecode.swift; path = "UIImage+Fix.swift"; sourceTree = "<group>"; };
		0C32B73E24B272B00089F218 /* AsciiPalette.swift */ = {isa = PBXFileReference; lastKnownFileType = sourcecode.swift; path = AsciiPalette.swift; sourceTree = "<group>"; };
		0C32B74224B273040089F218 /* AsciiArtist.swift */ = {isa = PBXFileReference; lastKnownFileType = sourcecode.swift; path = AsciiArtist.swift; sourceTree = "<group>"; };
		0C32B74424B278A80089F218 /* vImage+Gamma.swift */ = {isa = PBXFileReference; lastKnownFileType = sourcecode.swift; path = "vImage+Gamma.swift"; sourceTree = "<group>"; };
		0C32B74624B2E5FA0089F218 /* CGImage+vImage.swift */ = {isa = PBXFileReference; lastKnownFileType = sourcecode.swift; path = "CGImage+vImage.swift"; sourceTree = "<group>"; };
		0C33395F259FB09D00D02171 /* SysImage.swift */ = {isa = PBXFileReference; lastKnownFileType = sourcecode.swift; path = SysImage.swift; sourceTree = "<group>"; };
		0C33396F259FB0CA00D02171 /* SysFont.swift */ = {isa = PBXFileReference; lastKnownFileType = sourcecode.swift; path = SysFont.swift; sourceTree = "<group>"; };
		0C703BEB24ABA74F005AE478 /* App.swift */ = {isa = PBXFileReference; lastKnownFileType = sourcecode.swift; path = App.swift; sourceTree = "<group>"; };
		0C703BEC24ABA74F005AE478 /* HomeView.swift */ = {isa = PBXFileReference; lastKnownFileType = sourcecode.swift; path = HomeView.swift; sourceTree = "<group>"; };
		0C703BED24ABA750005AE478 /* Assets.xcassets */ = {isa = PBXFileReference; lastKnownFileType = folder.assetcatalog; path = Assets.xcassets; sourceTree = "<group>"; };
		0C703BF224ABA750005AE478 /* Image To Ascii Art.app */ = {isa = PBXFileReference; explicitFileType = wrapper.application; includeInIndex = 0; path = "Image To Ascii Art.app"; sourceTree = BUILT_PRODUCTS_DIR; };
		0C703BF524ABA750005AE478 /* Info.plist */ = {isa = PBXFileReference; lastKnownFileType = text.plist.xml; path = Info.plist; sourceTree = "<group>"; };
		0C703C1224ABA78E005AE478 /* Messages.framework */ = {isa = PBXFileReference; lastKnownFileType = wrapper.framework; name = Messages.framework; path = Library/Frameworks/Messages.framework; sourceTree = DEVELOPER_DIR; };
		0C703C2424ABAD49005AE478 /* AsciiView.swift */ = {isa = PBXFileReference; lastKnownFileType = sourcecode.swift; path = AsciiView.swift; sourceTree = "<group>"; };
		0C703C2724ABAFFD005AE478 /* PhotoPickerView.swift */ = {isa = PBXFileReference; lastKnownFileType = sourcecode.swift; path = PhotoPickerView.swift; sourceTree = "<group>"; };
		0C703C3E24AC661F005AE478 /* ZoomableText.swift */ = {isa = PBXFileReference; lastKnownFileType = sourcecode.swift; path = ZoomableText.swift; sourceTree = "<group>"; };
		0C703C4924AC6763005AE478 /* Preview Assets.xcassets */ = {isa = PBXFileReference; lastKnownFileType = folder.assetcatalog; path = "Preview Assets.xcassets"; sourceTree = "<group>"; };
		0C703C4B24AC6CB6005AE478 /* CameraView.swift */ = {isa = PBXFileReference; lastKnownFileType = sourcecode.swift; path = CameraView.swift; sourceTree = "<group>"; };
		0C703C4E24ACFBB6005AE478 /* InfoView.swift */ = {isa = PBXFileReference; lastKnownFileType = sourcecode.swift; path = InfoView.swift; sourceTree = "<group>"; };
		0C789EE5259ABC0900F306F0 /* AsciiView.swift */ = {isa = PBXFileReference; lastKnownFileType = sourcecode.swift; path = AsciiView.swift; sourceTree = "<group>"; };
		0C894B8825A0EEA5005A4334 /* FileSaver.swift */ = {isa = PBXFileReference; lastKnownFileType = sourcecode.swift; path = FileSaver.swift; sourceTree = "<group>"; };
		0C894B9025A0EEDE005A4334 /* ZoomControl.swift */ = {isa = PBXFileReference; lastKnownFileType = sourcecode.swift; path = ZoomControl.swift; sourceTree = "<group>"; };
		0C99B6BE260EEF3D007E5FEF /* CGSize+Util.swift */ = {isa = PBXFileReference; lastKnownFileType = sourcecode.swift; path = "CGSize+Util.swift"; sourceTree = "<group>"; };
		0CA4EC9C259BCA3D005E9FDE /* ZoomableText.swift */ = {isa = PBXFileReference; lastKnownFileType = sourcecode.swift; path = ZoomableText.swift; sourceTree = "<group>"; };
		0CB7B88B24D3E19000185FCB /* vImage+Resize.swift */ = {isa = PBXFileReference; lastKnownFileType = sourcecode.swift; path = "vImage+Resize.swift"; sourceTree = "<group>"; };
		0CC6B7D92598F7DD008BD257 /* Image To Ascii Art.app */ = {isa = PBXFileReference; explicitFileType = wrapper.application; includeInIndex = 0; path = "Image To Ascii Art.app"; sourceTree = BUILT_PRODUCTS_DIR; };
		0CC6B7DB2598F7DD008BD257 /* MacApp.swift */ = {isa = PBXFileReference; lastKnownFileType = sourcecode.swift; path = MacApp.swift; sourceTree = "<group>"; };
		0CC6B7DD2598F7DD008BD257 /* DragView.swift */ = {isa = PBXFileReference; lastKnownFileType = sourcecode.swift; path = DragView.swift; sourceTree = "<group>"; };
		0CC6B7DF2598F7DE008BD257 /* Assets.xcassets */ = {isa = PBXFileReference; lastKnownFileType = folder.assetcatalog; path = Assets.xcassets; sourceTree = "<group>"; };
		0CC6B7E42598F7DE008BD257 /* Info.plist */ = {isa = PBXFileReference; lastKnownFileType = text.plist.xml; path = Info.plist; sourceTree = "<group>"; };
		0CC6B7E52598F7DE008BD257 /* ImaageToAsciiArt.entitlements */ = {isa = PBXFileReference; lastKnownFileType = text.plist.entitlements; path = ImaageToAsciiArt.entitlements; sourceTree = "<group>"; };
		0CEA687F25A263E600DB8EA7 /* NSOpenPanel+Image.swift */ = {isa = PBXFileReference; lastKnownFileType = sourcecode.swift; path = "NSOpenPanel+Image.swift"; sourceTree = "<group>"; };
		0CEA688A25A264A200DB8EA7 /* NSImage+PNG.swift */ = {isa = PBXFileReference; lastKnownFileType = sourcecode.swift; path = "NSImage+PNG.swift"; sourceTree = "<group>"; };
		0CF96EDE24D48A6F006C4DCB /* UIImage+Resize.swift */ = {isa = PBXFileReference; lastKnownFileType = sourcecode.swift; path = "UIImage+Resize.swift"; sourceTree = "<group>"; };
/* End PBXFileReference section */

/* Begin PBXFrameworksBuildPhase section */
		0C14DF2524BAC70B00E66116 /* Frameworks */ = {
			isa = PBXFrameworksBuildPhase;
			buildActionMask = 2147483647;
			files = (
				0C14DF2924BAC70B00E66116 /* Messages.framework in Frameworks */,
				0C14DF5124BB81D900E66116 /* CloudKit.framework in Frameworks */,
			);
			runOnlyForDeploymentPostprocessing = 0;
		};
		0C703BEF24ABA750005AE478 /* Frameworks */ = {
			isa = PBXFrameworksBuildPhase;
			buildActionMask = 2147483647;
			files = (
				0C1D375224BFCEF300D8635F /* CloudKit.framework in Frameworks */,
			);
			runOnlyForDeploymentPostprocessing = 0;
		};
		0CC6B7D62598F7DD008BD257 /* Frameworks */ = {
			isa = PBXFrameworksBuildPhase;
			buildActionMask = 2147483647;
			files = (
			);
			runOnlyForDeploymentPostprocessing = 0;
		};
/* End PBXFrameworksBuildPhase section */

/* Begin PBXGroup section */
		0C14DF2A24BAC70B00E66116 /* iMessageExtension */ = {
			isa = PBXGroup;
			children = (
				0C14DF2B24BAC70B00E66116 /* MessagesViewController.swift */,
				0C1D374424BCF6A200D8635F /* Views */,
				0C14DF3024BAC70C00E66116 /* Assets.xcassets */,
				0C14DF3224BAC70C00E66116 /* Info.plist */,
				0C14DF3924BAC71B00E66116 /* iMessageExtension.entitlements */,
			);
			path = iMessageExtension;
			sourceTree = "<group>";
		};
		0C1640F224AE64E200279F8F /* Extensions */ = {
			isa = PBXGroup;
			children = (
				0C1640F324AE64F400279F8F /* String+Image.swift */,
				0C32B73C24B272500089F218 /* UIImage+Fix.swift */,
				0C32B74624B2E5FA0089F218 /* CGImage+vImage.swift */,
				0C99B6BE260EEF3D007E5FEF /* CGSize+Util.swift */,
			);
			path = Extensions;
			sourceTree = "<group>";
		};
		0C1D374424BCF6A200D8635F /* Views */ = {
			isa = PBXGroup;
			children = (
				0C14DF3C24BACB4700E66116 /* CompactView.swift */,
				0C14DF5324BB840000E66116 /* SendView.swift */,
				0C14DF5724BBD38400E66116 /* ReceivedView.swift */,
			);
			path = Views;
			sourceTree = "<group>";
		};
		0C1D374524BCF6C100D8635F /* Styles */ = {
			isa = PBXGroup;
			children = (
				0C1D374624BCF6D400D8635F /* ButtonStyles.swift */,
			);
			path = Styles;
			sourceTree = "<group>";
		};
		0C1D374D24BF9A7900D8635F /* Assets */ = {
			isa = PBXGroup;
			children = (
				0C1D374824BCF74200D8635F /* Color+Custom.swift */,
				0C703BED24ABA750005AE478 /* Assets.xcassets */,
			);
			path = Assets;
			sourceTree = "<group>";
		};
		0C1D375524C025CD00D8635F /* UIRepresentable */ = {
			isa = PBXGroup;
			children = (
				0C1D375324C00DA200D8635F /* MessageComposeView.swift */,
			);
			path = UIRepresentable;
			sourceTree = "<group>";
		};
		0C33395E259FB05E00D02171 /* PlatformParity */ = {
			isa = PBXGroup;
			children = (
				0C33395F259FB09D00D02171 /* SysImage.swift */,
				0C33396F259FB0CA00D02171 /* SysFont.swift */,
			);
			path = PlatformParity;
			sourceTree = "<group>";
		};
		0C67CD4B24D48D5200FBE65A /* Sharing */ = {
			isa = PBXGroup;
			children = (
				0CF96EDE24D48A6F006C4DCB /* UIImage+Resize.swift */,
				0C1D374E24BF9ABA00D8635F /* MSMessage+Ascii.swift */,
			);
			path = Sharing;
			sourceTree = "<group>";
		};
		0C703BE524ABA74F005AE478 = {
			isa = PBXGroup;
			children = (
				0C703BEA24ABA74F005AE478 /* Shared */,
				0C703BF424ABA750005AE478 /* iOS */,
				0C14DF2A24BAC70B00E66116 /* iMessageExtension */,
				0CC6B7DA2598F7DD008BD257 /* Mac */,
				0C703C1124ABA78E005AE478 /* Frameworks */,
				0C703BF324ABA750005AE478 /* Products */,
			);
			sourceTree = "<group>";
		};
		0C703BEA24ABA74F005AE478 /* Shared */ = {
			isa = PBXGroup;
			children = (
				0C703C2A24AC4AF2005AE478 /* AsciiConverter */,
				0CC6B7F825990136008BD257 /* Mobile */,
				0CC6B811259907E0008BD257 /* PreviewContent */,
			);
			path = Shared;
			sourceTree = "<group>";
		};
		0C703BF324ABA750005AE478 /* Products */ = {
			isa = PBXGroup;
			children = (
				0C703BF224ABA750005AE478 /* Image To Ascii Art.app */,
				0C14DF2824BAC70B00E66116 /* iMessageExtension.appex */,
				0CC6B7D92598F7DD008BD257 /* Image To Ascii Art.app */,
			);
			name = Products;
			sourceTree = "<group>";
		};
		0C703BF424ABA750005AE478 /* iOS */ = {
			isa = PBXGroup;
			children = (
				0C703C4024AC6681005AE478 /* Views */,
				0C1D375524C025CD00D8635F /* UIRepresentable */,
				0C703BEB24ABA74F005AE478 /* App.swift */,
				0C703BF524ABA750005AE478 /* Info.plist */,
				0C1D375124BFCEEB00D8635F /* ImageToAsciiArt.entitlements */,
				0C14DF4324BB618300E66116 /* Assets.xcassets */,
			);
			path = iOS;
			sourceTree = "<group>";
		};
		0C703C1124ABA78E005AE478 /* Frameworks */ = {
			isa = PBXGroup;
			children = (
				0C14DF3A24BAC71E00E66116 /* CloudKit.framework */,
				0C703C1224ABA78E005AE478 /* Messages.framework */,
			);
			name = Frameworks;
			sourceTree = "<group>";
		};
		0C703C2A24AC4AF2005AE478 /* AsciiConverter */ = {
			isa = PBXGroup;
			children = (
				0C32B74224B273040089F218 /* AsciiArtist.swift */,
				0C32B73E24B272B00089F218 /* AsciiPalette.swift */,
				0C33395E259FB05E00D02171 /* PlatformParity */,
				0CA4EC9B259BC8BD005E9FDE /* vImageFunctionality */,
				0C1640F224AE64E200279F8F /* Extensions */,
			);
			path = AsciiConverter;
			sourceTree = "<group>";
		};
		0C703C3D24AC65F0005AE478 /* UIRepresentable */ = {
			isa = PBXGroup;
			children = (
				0C703C2724ABAFFD005AE478 /* PhotoPickerView.swift */,
				0C703C4B24AC6CB6005AE478 /* CameraView.swift */,
				0C703C3E24AC661F005AE478 /* ZoomableText.swift */,
			);
			path = UIRepresentable;
			sourceTree = "<group>";
		};
		0C703C4024AC6681005AE478 /* Views */ = {
			isa = PBXGroup;
			children = (
				0C703BEC24ABA74F005AE478 /* HomeView.swift */,
				0C703C2424ABAD49005AE478 /* AsciiView.swift */,
				0C703C4E24ACFBB6005AE478 /* InfoView.swift */,
			);
			path = Views;
			sourceTree = "<group>";
		};
		0C894B8525A0EE55005A4334 /* Views */ = {
			isa = PBXGroup;
			children = (
				0CC6B7DD2598F7DD008BD257 /* DragView.swift */,
				0C894B8725A0EE7A005A4334 /* AsciiView */,
			);
			path = Views;
			sourceTree = "<group>";
		};
		0C894B8725A0EE7A005A4334 /* AsciiView */ = {
			isa = PBXGroup;
			children = (
				0C789EE5259ABC0900F306F0 /* AsciiView.swift */,
				0C894B9025A0EEDE005A4334 /* ZoomControl.swift */,
				0C894B8825A0EEA5005A4334 /* FileSaver.swift */,
				0CA4EC9C259BCA3D005E9FDE /* ZoomableText.swift */,
			);
			path = AsciiView;
			sourceTree = "<group>";
		};
		0CA4EC9B259BC8BD005E9FDE /* vImageFunctionality */ = {
			isa = PBXGroup;
			children = (
				0C32B74424B278A80089F218 /* vImage+Gamma.swift */,
				0CB7B88B24D3E19000185FCB /* vImage+Resize.swift */,
				0C2E44BA24D63BA4001C6D28 /* vImage+Grayscale.swift */,
			);
			path = vImageFunctionality;
			sourceTree = "<group>";
		};
		0CC6B7DA2598F7DD008BD257 /* Mac */ = {
			isa = PBXGroup;
			children = (
				0C894B8525A0EE55005A4334 /* Views */,
				0CEA687E25A263D300DB8EA7 /* Extensions */,
				0CC6B7DB2598F7DD008BD257 /* MacApp.swift */,
				0CC6B7DF2598F7DE008BD257 /* Assets.xcassets */,
				0CC6B7E42598F7DE008BD257 /* Info.plist */,
				0CC6B7E52598F7DE008BD257 /* ImaageToAsciiArt.entitlements */,
			);
			path = Mac;
			sourceTree = "<group>";
		};
		0CC6B7F825990136008BD257 /* Mobile */ = {
			isa = PBXGroup;
			children = (
				0C1D374D24BF9A7900D8635F /* Assets */,
				0C703C3D24AC65F0005AE478 /* UIRepresentable */,
				0C67CD4B24D48D5200FBE65A /* Sharing */,
				0C1D374524BCF6C100D8635F /* Styles */,
			);
			path = Mobile;
			sourceTree = "<group>";
		};
		0CC6B811259907E0008BD257 /* PreviewContent */ = {
			isa = PBXGroup;
			children = (
				0C703C4924AC6763005AE478 /* Preview Assets.xcassets */,
			);
			path = PreviewContent;
			sourceTree = "<group>";
		};
		0CEA687E25A263D300DB8EA7 /* Extensions */ = {
			isa = PBXGroup;
			children = (
				0CEA687F25A263E600DB8EA7 /* NSOpenPanel+Image.swift */,
				0CEA688A25A264A200DB8EA7 /* NSImage+PNG.swift */,
			);
			path = Extensions;
			sourceTree = "<group>";
		};
/* End PBXGroup section */

/* Begin PBXNativeTarget section */
		0C14DF2724BAC70B00E66116 /* iMessageExtension */ = {
			isa = PBXNativeTarget;
			buildConfigurationList = 0C14DF3824BAC70C00E66116 /* Build configuration list for PBXNativeTarget "iMessageExtension" */;
			buildPhases = (
				0C14DF2424BAC70B00E66116 /* Sources */,
				0C14DF2524BAC70B00E66116 /* Frameworks */,
				0C14DF2624BAC70B00E66116 /* Resources */,
			);
			buildRules = (
			);
			dependencies = (
			);
			name = iMessageExtension;
			productName = iMessageExtension;
			productReference = 0C14DF2824BAC70B00E66116 /* iMessageExtension.appex */;
			productType = "com.apple.product-type.app-extension.messages";
		};
		0C703BF124ABA750005AE478 /* iOS */ = {
			isa = PBXNativeTarget;
			buildConfigurationList = 0C703C0624ABA750005AE478 /* Build configuration list for PBXNativeTarget "iOS" */;
			buildPhases = (
				0C703BEE24ABA750005AE478 /* Sources */,
				0C703BEF24ABA750005AE478 /* Frameworks */,
				0C703BF024ABA750005AE478 /* Resources */,
				0C703C2324ABA78E005AE478 /* Embed App Extensions */,
			);
			buildRules = (
			);
			dependencies = (
				0C14DF3424BAC70C00E66116 /* PBXTargetDependency */,
			);
			name = iOS;
			productName = iOS;
			productReference = 0C703BF224ABA750005AE478 /* Image To Ascii Art.app */;
			productType = "com.apple.product-type.application";
		};
		0CC6B7D82598F7DD008BD257 /* Mac */ = {
			isa = PBXNativeTarget;
			buildConfigurationList = 0CC6B7E82598F7DE008BD257 /* Build configuration list for PBXNativeTarget "Mac" */;
			buildPhases = (
				0CC6B7D52598F7DD008BD257 /* Sources */,
				0CC6B7D62598F7DD008BD257 /* Frameworks */,
				0CC6B7D72598F7DD008BD257 /* Resources */,
			);
			buildRules = (
			);
			dependencies = (
			);
			name = Mac;
			productName = ImaageToAsciiArt;
			productReference = 0CC6B7D92598F7DD008BD257 /* Image To Ascii Art.app */;
			productType = "com.apple.product-type.application";
		};
/* End PBXNativeTarget section */

/* Begin PBXProject section */
		0C703BE624ABA74F005AE478 /* Project object */ = {
			isa = PBXProject;
			attributes = {
				LastSwiftUpdateCheck = 1230;
				LastUpgradeCheck = 1230;
				TargetAttributes = {
					0C14DF2724BAC70B00E66116 = {
						CreatedOnToolsVersion = 12.0;
					};
					0C703BF124ABA750005AE478 = {
						CreatedOnToolsVersion = 12.0;
					};
					0CC6B7D82598F7DD008BD257 = {
						CreatedOnToolsVersion = 12.3;
					};
				};
			};
			buildConfigurationList = 0C703BE924ABA74F005AE478 /* Build configuration list for PBXProject "ImageToAsciiArt" */;
			compatibilityVersion = "Xcode 9.3";
			developmentRegion = en;
			hasScannedForEncodings = 0;
			knownRegions = (
				en,
				Base,
			);
			mainGroup = 0C703BE524ABA74F005AE478;
			productRefGroup = 0C703BF324ABA750005AE478 /* Products */;
			projectDirPath = "";
			projectRoot = "";
			targets = (
				0C703BF124ABA750005AE478 /* iOS */,
				0C14DF2724BAC70B00E66116 /* iMessageExtension */,
				0CC6B7D82598F7DD008BD257 /* Mac */,
			);
		};
/* End PBXProject section */

/* Begin PBXResourcesBuildPhase section */
		0C14DF2624BAC70B00E66116 /* Resources */ = {
			isa = PBXResourcesBuildPhase;
			buildActionMask = 2147483647;
			files = (
				0C14DF4224BAD6BF00E66116 /* Assets.xcassets in Resources */,
				0C14DF3124BAC70C00E66116 /* Assets.xcassets in Resources */,
			);
			runOnlyForDeploymentPostprocessing = 0;
		};
		0C703BF024ABA750005AE478 /* Resources */ = {
			isa = PBXResourcesBuildPhase;
			buildActionMask = 2147483647;
			files = (
				0C703C4A24AC6763005AE478 /* Preview Assets.xcassets in Resources */,
				0C14DF4424BB618300E66116 /* Assets.xcassets in Resources */,
				0C703C0224ABA750005AE478 /* Assets.xcassets in Resources */,
			);
			runOnlyForDeploymentPostprocessing = 0;
		};
		0CC6B7D72598F7DD008BD257 /* Resources */ = {
			isa = PBXResourcesBuildPhase;
			buildActionMask = 2147483647;
			files = (
				0CC6B816259907F8008BD257 /* Preview Assets.xcassets in Resources */,
				0CC6B7E02598F7DE008BD257 /* Assets.xcassets in Resources */,
			);
			runOnlyForDeploymentPostprocessing = 0;
		};
/* End PBXResourcesBuildPhase section */

/* Begin PBXSourcesBuildPhase section */
		0C14DF2424BAC70B00E66116 /* Sources */ = {
			isa = PBXSourcesBuildPhase;
			buildActionMask = 2147483647;
			files = (
				0C14DF4D24BB61CE00E66116 /* CGImage+vImage.swift in Sources */,
				0CB7B88D24D3E19000185FCB /* vImage+Resize.swift in Sources */,
				0C99B6C0260EEF3D007E5FEF /* CGSize+Util.swift in Sources */,
				0C2E44BC24D63BA4001C6D28 /* vImage+Grayscale.swift in Sources */,
				0C14DF4C24BB61CE00E66116 /* vImage+Gamma.swift in Sources */,
				0C14DF4B24BB61CE00E66116 /* UIImage+Fix.swift in Sources */,
				0C1D375024BFA52B00D8635F /* MSMessage+Ascii.swift in Sources */,
				0C1D374724BCF6D400D8635F /* ButtonStyles.swift in Sources */,
				0C1D374924BCF74200D8635F /* Color+Custom.swift in Sources */,
				0C14DF4F24BB61D200E66116 /* AsciiArtist.swift in Sources */,
				0C14DF4824BB61CB00E66116 /* ZoomableText.swift in Sources */,
				0C14DF3F24BACB4700E66116 /* CompactView.swift in Sources */,
				0C14DF4A24BB61CE00E66116 /* String+Image.swift in Sources */,
				0C14DF5024BB61D200E66116 /* AsciiPalette.swift in Sources */,
				0C333971259FB0CA00D02171 /* SysFont.swift in Sources */,
				0CF96EE024D48A6F006C4DCB /* UIImage+Resize.swift in Sources */,
				0C14DF4724BB61CB00E66116 /* CameraView.swift in Sources */,
				0C333967259FB0A000D02171 /* SysImage.swift in Sources */,
				0C14DF5824BBD38400E66116 /* ReceivedView.swift in Sources */,
				0C14DF4624BB61CB00E66116 /* PhotoPickerView.swift in Sources */,
				0C14DF2C24BAC70B00E66116 /* MessagesViewController.swift in Sources */,
				0C14DF5424BB840000E66116 /* SendView.swift in Sources */,
			);
			runOnlyForDeploymentPostprocessing = 0;
		};
		0C703BEE24ABA750005AE478 /* Sources */ = {
			isa = PBXSourcesBuildPhase;
			buildActionMask = 2147483647;
			files = (
				0C703C4F24ACFBB6005AE478 /* InfoView.swift in Sources */,
				0C1D374F24BF9ABA00D8635F /* MSMessage+Ascii.swift in Sources */,
				0C1D375424C00DA200D8635F /* MessageComposeView.swift in Sources */,
				0C333960259FB09D00D02171 /* SysImage.swift in Sources */,
				0C703C2524ABAD49005AE478 /* AsciiView.swift in Sources */,
				0C1D374A24BCF74F00D8635F /* Color+Custom.swift in Sources */,
				0C703C4C24AC6CB6005AE478 /* CameraView.swift in Sources */,
				0C32B74724B2E5FA0089F218 /* CGImage+vImage.swift in Sources */,
				0C703C3F24AC661F005AE478 /* ZoomableText.swift in Sources */,
				0C2E44BB24D63BA4001C6D28 /* vImage+Grayscale.swift in Sources */,
				0C703C0024ABA750005AE478 /* HomeView.swift in Sources */,
				0C32B74524B278A80089F218 /* vImage+Gamma.swift in Sources */,
				0C703BFE24ABA750005AE478 /* App.swift in Sources */,
				0C1D374C24BD6AD500D8635F /* ButtonStyles.swift in Sources */,
				0C32B73D24B272500089F218 /* UIImage+Fix.swift in Sources */,
				0C99B6BF260EEF3D007E5FEF /* CGSize+Util.swift in Sources */,
				0CF96EDF24D48A6F006C4DCB /* UIImage+Resize.swift in Sources */,
				0C32B73F24B272B00089F218 /* AsciiPalette.swift in Sources */,
				0CB7B88C24D3E19000185FCB /* vImage+Resize.swift in Sources */,
				0C333970259FB0CA00D02171 /* SysFont.swift in Sources */,
				0C32B74324B273040089F218 /* AsciiArtist.swift in Sources */,
				0C703C2824ABAFFD005AE478 /* PhotoPickerView.swift in Sources */,
				0C1640F424AE64F400279F8F /* String+Image.swift in Sources */,
			);
			runOnlyForDeploymentPostprocessing = 0;
		};
		0CC6B7D52598F7DD008BD257 /* Sources */ = {
			isa = PBXSourcesBuildPhase;
			buildActionMask = 2147483647;
			files = (
				0CEA688025A263E600DB8EA7 /* NSOpenPanel+Image.swift in Sources */,
				0CA5EF7F259BB650007BF74A /* vImage+Grayscale.swift in Sources */,
				0CA5EF7E259BB650007BF74A /* vImage+Gamma.swift in Sources */,
				0C333972259FB0CA00D02171 /* SysFont.swift in Sources */,
				0CEA688B25A264A200DB8EA7 /* NSImage+PNG.swift in Sources */,
				0CA5EF7D259BB650007BF74A /* vImage+Resize.swift in Sources */,
				0C33396B259FB0A000D02171 /* SysImage.swift in Sources */,
				0CA5EF80259BB650007BF74A /* AsciiArtist.swift in Sources */,
				0CA4EC9D259BCA3D005E9FDE /* ZoomableText.swift in Sources */,
				0CA5EF8A259BBFFF007BF74A /* String+Image.swift in Sources */,
				0C789EE6259ABC0900F306F0 /* AsciiView.swift in Sources */,
				0C894B9125A0EEDE005A4334 /* ZoomControl.swift in Sources */,
				0C99B6C1260EEF3D007E5FEF /* CGSize+Util.swift in Sources */,
				0CA5EF7B259BB650007BF74A /* AsciiPalette.swift in Sources */,
				0CC6B7DE2598F7DD008BD257 /* DragView.swift in Sources */,
				0CA5EF7C259BB650007BF74A /* CGImage+vImage.swift in Sources */,
				0CC6B7DC2598F7DD008BD257 /* MacApp.swift in Sources */,
				0C894B8925A0EEA5005A4334 /* FileSaver.swift in Sources */,
			);
			runOnlyForDeploymentPostprocessing = 0;
		};
/* End PBXSourcesBuildPhase section */

/* Begin PBXTargetDependency section */
		0C14DF3424BAC70C00E66116 /* PBXTargetDependency */ = {
			isa = PBXTargetDependency;
			target = 0C14DF2724BAC70B00E66116 /* iMessageExtension */;
			targetProxy = 0C14DF3324BAC70C00E66116 /* PBXContainerItemProxy */;
		};
/* End PBXTargetDependency section */

/* Begin XCBuildConfiguration section */
		0C14DF3624BAC70C00E66116 /* Debug */ = {
			isa = XCBuildConfiguration;
			buildSettings = {
				ASSETCATALOG_COMPILER_APPICON_NAME = "iMessage App Icon";
				CODE_SIGN_ENTITLEMENTS = iMessageExtension/iMessageExtension.entitlements;
				CODE_SIGN_STYLE = Automatic;
				CURRENT_PROJECT_VERSION = 1;
				DEVELOPMENT_TEAM = 28V7PPHDHC;
				INFOPLIST_FILE = iMessageExtension/Info.plist;
				IPHONEOS_DEPLOYMENT_TARGET = 14.0;
				LD_RUNPATH_SEARCH_PATHS = (
					"$(inherited)",
					"@executable_path/Frameworks",
					"@executable_path/../../Frameworks",
				);
				MARKETING_VERSION = 3.0.1;
				PRODUCT_BUNDLE_IDENTIFIER = com.liamrosenfeld.ImageToAsciiArt.iMessageExtension;
				PRODUCT_NAME = "$(TARGET_NAME)";
				SDKROOT = iphoneos;
				SKIP_INSTALL = YES;
				SWIFT_VERSION = 5.0;
				TARGETED_DEVICE_FAMILY = "1,2";
			};
			name = Debug;
		};
		0C14DF3724BAC70C00E66116 /* Release */ = {
			isa = XCBuildConfiguration;
			buildSettings = {
				ASSETCATALOG_COMPILER_APPICON_NAME = "iMessage App Icon";
				CODE_SIGN_ENTITLEMENTS = iMessageExtension/iMessageExtension.entitlements;
				CODE_SIGN_STYLE = Automatic;
				CURRENT_PROJECT_VERSION = 1;
				DEVELOPMENT_TEAM = 28V7PPHDHC;
				INFOPLIST_FILE = iMessageExtension/Info.plist;
				IPHONEOS_DEPLOYMENT_TARGET = 14.0;
				LD_RUNPATH_SEARCH_PATHS = (
					"$(inherited)",
					"@executable_path/Frameworks",
					"@executable_path/../../Frameworks",
				);
				MARKETING_VERSION = 3.0.1;
				PRODUCT_BUNDLE_IDENTIFIER = com.liamrosenfeld.ImageToAsciiArt.iMessageExtension;
				PRODUCT_NAME = "$(TARGET_NAME)";
				SDKROOT = iphoneos;
				SKIP_INSTALL = YES;
				SWIFT_VERSION = 5.0;
				TARGETED_DEVICE_FAMILY = "1,2";
				VALIDATE_PRODUCT = YES;
			};
			name = Release;
		};
		0C703C0424ABA750005AE478 /* Debug */ = {
			isa = XCBuildConfiguration;
			buildSettings = {
				ALWAYS_SEARCH_USER_PATHS = NO;
				CLANG_ANALYZER_NONNULL = YES;
				CLANG_ANALYZER_NUMBER_OBJECT_CONVERSION = YES_AGGRESSIVE;
				CLANG_CXX_LANGUAGE_STANDARD = "gnu++14";
				CLANG_CXX_LIBRARY = "libc++";
				CLANG_ENABLE_MODULES = YES;
				CLANG_ENABLE_OBJC_ARC = YES;
				CLANG_ENABLE_OBJC_WEAK = YES;
				CLANG_WARN_BLOCK_CAPTURE_AUTORELEASING = YES;
				CLANG_WARN_BOOL_CONVERSION = YES;
				CLANG_WARN_COMMA = YES;
				CLANG_WARN_CONSTANT_CONVERSION = YES;
				CLANG_WARN_DEPRECATED_OBJC_IMPLEMENTATIONS = YES;
				CLANG_WARN_DIRECT_OBJC_ISA_USAGE = YES_ERROR;
				CLANG_WARN_DOCUMENTATION_COMMENTS = YES;
				CLANG_WARN_EMPTY_BODY = YES;
				CLANG_WARN_ENUM_CONVERSION = YES;
				CLANG_WARN_INFINITE_RECURSION = YES;
				CLANG_WARN_INT_CONVERSION = YES;
				CLANG_WARN_NON_LITERAL_NULL_CONVERSION = YES;
				CLANG_WARN_OBJC_IMPLICIT_RETAIN_SELF = YES;
				CLANG_WARN_OBJC_LITERAL_CONVERSION = YES;
				CLANG_WARN_OBJC_ROOT_CLASS = YES_ERROR;
				CLANG_WARN_QUOTED_INCLUDE_IN_FRAMEWORK_HEADER = YES;
				CLANG_WARN_RANGE_LOOP_ANALYSIS = YES;
				CLANG_WARN_STRICT_PROTOTYPES = YES;
				CLANG_WARN_SUSPICIOUS_MOVE = YES;
				CLANG_WARN_UNGUARDED_AVAILABILITY = YES_AGGRESSIVE;
				CLANG_WARN_UNREACHABLE_CODE = YES;
				CLANG_WARN__DUPLICATE_METHOD_MATCH = YES;
				COPY_PHASE_STRIP = NO;
				DEBUG_INFORMATION_FORMAT = dwarf;
				ENABLE_STRICT_OBJC_MSGSEND = YES;
				ENABLE_TESTABILITY = YES;
				GCC_C_LANGUAGE_STANDARD = gnu11;
				GCC_DYNAMIC_NO_PIC = NO;
				GCC_NO_COMMON_BLOCKS = YES;
				GCC_OPTIMIZATION_LEVEL = 0;
				GCC_PREPROCESSOR_DEFINITIONS = (
					"DEBUG=1",
					"$(inherited)",
				);
				GCC_WARN_64_TO_32_BIT_CONVERSION = YES;
				GCC_WARN_ABOUT_RETURN_TYPE = YES_ERROR;
				GCC_WARN_UNDECLARED_SELECTOR = YES;
				GCC_WARN_UNINITIALIZED_AUTOS = YES_AGGRESSIVE;
				GCC_WARN_UNUSED_FUNCTION = YES;
				GCC_WARN_UNUSED_VARIABLE = YES;
				MTL_ENABLE_DEBUG_INFO = INCLUDE_SOURCE;
				MTL_FAST_MATH = YES;
				ONLY_ACTIVE_ARCH = YES;
				SWIFT_ACTIVE_COMPILATION_CONDITIONS = DEBUG;
				SWIFT_OPTIMIZATION_LEVEL = "-Onone";
			};
			name = Debug;
		};
		0C703C0524ABA750005AE478 /* Release */ = {
			isa = XCBuildConfiguration;
			buildSettings = {
				ALWAYS_SEARCH_USER_PATHS = NO;
				CLANG_ANALYZER_NONNULL = YES;
				CLANG_ANALYZER_NUMBER_OBJECT_CONVERSION = YES_AGGRESSIVE;
				CLANG_CXX_LANGUAGE_STANDARD = "gnu++14";
				CLANG_CXX_LIBRARY = "libc++";
				CLANG_ENABLE_MODULES = YES;
				CLANG_ENABLE_OBJC_ARC = YES;
				CLANG_ENABLE_OBJC_WEAK = YES;
				CLANG_WARN_BLOCK_CAPTURE_AUTORELEASING = YES;
				CLANG_WARN_BOOL_CONVERSION = YES;
				CLANG_WARN_COMMA = YES;
				CLANG_WARN_CONSTANT_CONVERSION = YES;
				CLANG_WARN_DEPRECATED_OBJC_IMPLEMENTATIONS = YES;
				CLANG_WARN_DIRECT_OBJC_ISA_USAGE = YES_ERROR;
				CLANG_WARN_DOCUMENTATION_COMMENTS = YES;
				CLANG_WARN_EMPTY_BODY = YES;
				CLANG_WARN_ENUM_CONVERSION = YES;
				CLANG_WARN_INFINITE_RECURSION = YES;
				CLANG_WARN_INT_CONVERSION = YES;
				CLANG_WARN_NON_LITERAL_NULL_CONVERSION = YES;
				CLANG_WARN_OBJC_IMPLICIT_RETAIN_SELF = YES;
				CLANG_WARN_OBJC_LITERAL_CONVERSION = YES;
				CLANG_WARN_OBJC_ROOT_CLASS = YES_ERROR;
				CLANG_WARN_QUOTED_INCLUDE_IN_FRAMEWORK_HEADER = YES;
				CLANG_WARN_RANGE_LOOP_ANALYSIS = YES;
				CLANG_WARN_STRICT_PROTOTYPES = YES;
				CLANG_WARN_SUSPICIOUS_MOVE = YES;
				CLANG_WARN_UNGUARDED_AVAILABILITY = YES_AGGRESSIVE;
				CLANG_WARN_UNREACHABLE_CODE = YES;
				CLANG_WARN__DUPLICATE_METHOD_MATCH = YES;
				COPY_PHASE_STRIP = NO;
				DEBUG_INFORMATION_FORMAT = "dwarf-with-dsym";
				ENABLE_NS_ASSERTIONS = NO;
				ENABLE_STRICT_OBJC_MSGSEND = YES;
				GCC_C_LANGUAGE_STANDARD = gnu11;
				GCC_NO_COMMON_BLOCKS = YES;
				GCC_WARN_64_TO_32_BIT_CONVERSION = YES;
				GCC_WARN_ABOUT_RETURN_TYPE = YES_ERROR;
				GCC_WARN_UNDECLARED_SELECTOR = YES;
				GCC_WARN_UNINITIALIZED_AUTOS = YES_AGGRESSIVE;
				GCC_WARN_UNUSED_FUNCTION = YES;
				GCC_WARN_UNUSED_VARIABLE = YES;
				MTL_ENABLE_DEBUG_INFO = NO;
				MTL_FAST_MATH = YES;
				SWIFT_COMPILATION_MODE = wholemodule;
				SWIFT_OPTIMIZATION_LEVEL = "-O";
			};
			name = Release;
		};
		0C703C0724ABA750005AE478 /* Debug */ = {
			isa = XCBuildConfiguration;
			buildSettings = {
				ALWAYS_EMBED_SWIFT_STANDARD_LIBRARIES = YES;
				ASSETCATALOG_COMPILER_APPICON_NAME = AppIcon;
				ASSETCATALOG_COMPILER_GLOBAL_ACCENT_COLOR_NAME = AccentColor;
				CODE_SIGN_ENTITLEMENTS = iOS/ImageToAsciiArt.entitlements;
				CODE_SIGN_STYLE = Automatic;
				CURRENT_PROJECT_VERSION = 1;
				DEVELOPMENT_ASSET_PATHS = Shared/PreviewContent;
				DEVELOPMENT_TEAM = 28V7PPHDHC;
				ENABLE_PREVIEWS = YES;
				INFOPLIST_FILE = iOS/Info.plist;
				IPHONEOS_DEPLOYMENT_TARGET = 14.0;
				LD_RUNPATH_SEARCH_PATHS = (
					"$(inherited)",
					"@executable_path/Frameworks",
				);
				MARKETING_VERSION = 3.0.1;
				PRODUCT_BUNDLE_IDENTIFIER = com.liamrosenfeld.ImageToAsciiArt;
				PRODUCT_NAME = "Image To Ascii Art";
				SDKROOT = iphoneos;
				SWIFT_VERSION = 5.0;
				TARGETED_DEVICE_FAMILY = "1,2";
			};
			name = Debug;
		};
		0C703C0824ABA750005AE478 /* Release */ = {
			isa = XCBuildConfiguration;
			buildSettings = {
				ALWAYS_EMBED_SWIFT_STANDARD_LIBRARIES = YES;
				ASSETCATALOG_COMPILER_APPICON_NAME = AppIcon;
				ASSETCATALOG_COMPILER_GLOBAL_ACCENT_COLOR_NAME = AccentColor;
				CODE_SIGN_ENTITLEMENTS = iOS/ImageToAsciiArt.entitlements;
				CODE_SIGN_STYLE = Automatic;
				CURRENT_PROJECT_VERSION = 1;
				DEVELOPMENT_ASSET_PATHS = Shared/PreviewContent;
				DEVELOPMENT_TEAM = 28V7PPHDHC;
				ENABLE_PREVIEWS = YES;
				INFOPLIST_FILE = iOS/Info.plist;
				IPHONEOS_DEPLOYMENT_TARGET = 14.0;
				LD_RUNPATH_SEARCH_PATHS = (
					"$(inherited)",
					"@executable_path/Frameworks",
				);
				MARKETING_VERSION = 3.0.1;
				PRODUCT_BUNDLE_IDENTIFIER = com.liamrosenfeld.ImageToAsciiArt;
				PRODUCT_NAME = "Image To Ascii Art";
				SDKROOT = iphoneos;
				SWIFT_VERSION = 5.0;
				TARGETED_DEVICE_FAMILY = "1,2";
				VALIDATE_PRODUCT = YES;
			};
			name = Release;
		};
		0CC6B7E62598F7DE008BD257 /* Debug */ = {
			isa = XCBuildConfiguration;
			buildSettings = {
				ASSETCATALOG_COMPILER_APPICON_NAME = AppIcon;
				ASSETCATALOG_COMPILER_GLOBAL_ACCENT_COLOR_NAME = AccentColor;
				CODE_SIGN_ENTITLEMENTS = Mac/ImaageToAsciiArt.entitlements;
				CODE_SIGN_IDENTITY = "-";
				CODE_SIGN_STYLE = Automatic;
				COMBINE_HIDPI_IMAGES = YES;
				DEVELOPMENT_ASSET_PATHS = Shared/PreviewContent;
				DEVELOPMENT_TEAM = 28V7PPHDHC;
				ENABLE_HARDENED_RUNTIME = YES;
				ENABLE_PREVIEWS = YES;
				INFOPLIST_FILE = Mac/Info.plist;
				LD_RUNPATH_SEARCH_PATHS = (
					"$(inherited)",
					"@executable_path/../Frameworks",
				);
				MACOSX_DEPLOYMENT_TARGET = 11.0;
				PRODUCT_BUNDLE_IDENTIFIER = com.liamrosenfeld.ImageToAsciiArt;
				PRODUCT_NAME = "Image To Ascii Art";
				SDKROOT = macosx;
				SWIFT_VERSION = 5.0;
			};
			name = Debug;
		};
		0CC6B7E72598F7DE008BD257 /* Release */ = {
			isa = XCBuildConfiguration;
			buildSettings = {
				ASSETCATALOG_COMPILER_APPICON_NAME = AppIcon;
				ASSETCATALOG_COMPILER_GLOBAL_ACCENT_COLOR_NAME = AccentColor;
				CODE_SIGN_ENTITLEMENTS = Mac/ImaageToAsciiArt.entitlements;
				CODE_SIGN_IDENTITY = "-";
				CODE_SIGN_STYLE = Automatic;
				COMBINE_HIDPI_IMAGES = YES;
				DEVELOPMENT_ASSET_PATHS = Shared/PreviewContent;
				DEVELOPMENT_TEAM = 28V7PPHDHC;
				ENABLE_HARDENED_RUNTIME = YES;
				ENABLE_PREVIEWS = YES;
				INFOPLIST_FILE = Mac/Info.plist;
				LD_RUNPATH_SEARCH_PATHS = (
					"$(inherited)",
					"@executable_path/../Frameworks",
				);
				MACOSX_DEPLOYMENT_TARGET = 11.0;
				PRODUCT_BUNDLE_IDENTIFIER = com.liamrosenfeld.ImageToAsciiArt;
				PRODUCT_NAME = "Image To Ascii Art";
				SDKROOT = macosx;
				SWIFT_VERSION = 5.0;
			};
			name = Release;
		};
/* End XCBuildConfiguration section */

/* Begin XCConfigurationList section */
		0C14DF3824BAC70C00E66116 /* Build configuration list for PBXNativeTarget "iMessageExtension" */ = {
			isa = XCConfigurationList;
			buildConfigurations = (
				0C14DF3624BAC70C00E66116 /* Debug */,
				0C14DF3724BAC70C00E66116 /* Release */,
			);
			defaultConfigurationIsVisible = 0;
			defaultConfigurationName = Release;
		};
		0C703BE924ABA74F005AE478 /* Build configuration list for PBXProject "ImageToAsciiArt" */ = {
			isa = XCConfigurationList;
			buildConfigurations = (
				0C703C0424ABA750005AE478 /* Debug */,
				0C703C0524ABA750005AE478 /* Release */,
			);
			defaultConfigurationIsVisible = 0;
			defaultConfigurationName = Release;
		};
		0C703C0624ABA750005AE478 /* Build configuration list for PBXNativeTarget "iOS" */ = {
			isa = XCConfigurationList;
			buildConfigurations = (
				0C703C0724ABA750005AE478 /* Debug */,
				0C703C0824ABA750005AE478 /* Release */,
			);
			defaultConfigurationIsVisible = 0;
			defaultConfigurationName = Release;
		};
		0CC6B7E82598F7DE008BD257 /* Build configuration list for PBXNativeTarget "Mac" */ = {
			isa = XCConfigurationList;
			buildConfigurations = (
				0CC6B7E62598F7DE008BD257 /* Debug */,
				0CC6B7E72598F7DE008BD257 /* Release */,
			);
			defaultConfigurationIsVisible = 0;
			defaultConfigurationName = Release;
		};
/* End XCConfigurationList section */
	};
	rootObject = 0C703BE624ABA74F005AE478 /* Project object */;
}
